// !$*UTF8*$!
{
	archiveVersion = 1;
	classes = {
	};
	objectVersion = 56;
	objects = {

/* Begin PBXBuildFile section */
		5D04653D2A71071900BE768E /* FileActionType.swift in Sources */ = {isa = PBXBuildFile; fileRef = 5D04653C2A71071900BE768E /* FileActionType.swift */; };
		5D0ACE492AA72BE900B834E8 /* FolderShowOptionsView.swift in Sources */ = {isa = PBXBuildFile; fileRef = 5D0ACE482AA72BE900B834E8 /* FolderShowOptionsView.swift */; };
		5D0AFC152A7685AF000AA28F /* SwiftyDropbox in Frameworks */ = {isa = PBXBuildFile; productRef = 5D0AFC142A7685AF000AA28F /* SwiftyDropbox */; };
		5D0B9CA32A4464530099021C /* FolderView.swift in Sources */ = {isa = PBXBuildFile; fileRef = 5D0B9CA22A4464530099021C /* FolderView.swift */; };
		5D0B9CA52A4466460099021C /* FileView.swift in Sources */ = {isa = PBXBuildFile; fileRef = 5D0B9CA42A4466460099021C /* FileView.swift */; };
		5D0B9CA72A4466BD0099021C /* File.swift in Sources */ = {isa = PBXBuildFile; fileRef = 5D0B9CA62A4466BD0099021C /* File.swift */; };
		5D0B9CA92A446D080099021C /* LocalFileManager.swift in Sources */ = {isa = PBXBuildFile; fileRef = 5D0B9CA82A446D080099021C /* LocalFileManager.swift */; };
		5D1B5B0D2A8A2234004C7AA8 /* DropboxFolderMonitor.swift in Sources */ = {isa = PBXBuildFile; fileRef = 5D1B5B0C2A8A2234004C7AA8 /* DropboxFolderMonitor.swift */; };
		5D1B5B132A8E7B56004C7AA8 /* LocalTemporaryFolderConnector.swift in Sources */ = {isa = PBXBuildFile; fileRef = 5D1B5B122A8E7B56004C7AA8 /* LocalTemporaryFolderConnector.swift */; };
		5D1B5B152A90E08B004C7AA8 /* FileAction.swift in Sources */ = {isa = PBXBuildFile; fileRef = 5DEDB9052A5ACAC2003CC86B /* FileAction.swift */; };
		5D1B5B172A90E106004C7AA8 /* FolderMonitor.swift in Sources */ = {isa = PBXBuildFile; fileRef = 5D627D8A2A79875000170451 /* FolderMonitor.swift */; };
		5D1B5B192A90E126004C7AA8 /* LocalTemporaryFolderConnector.swift in Sources */ = {isa = PBXBuildFile; fileRef = 5D1B5B122A8E7B56004C7AA8 /* LocalTemporaryFolderConnector.swift */; };
		5D1B5B1E2A910598004C7AA8 /* FileDisplayedName.swift in Sources */ = {isa = PBXBuildFile; fileRef = 5D1B5B1D2A910598004C7AA8 /* FileDisplayedName.swift */; };
		5D1B5B212A91F8ED004C7AA8 /* LocalizedError.swift in Sources */ = {isa = PBXBuildFile; fileRef = 5D221D5B2A5DA1170072AA35 /* LocalizedError.swift */; };
		5D1B5B232A920016004C7AA8 /* LocalFolderMonitor.swift in Sources */ = {isa = PBXBuildFile; fileRef = 5D954CC72A58559800A221DB /* LocalFolderMonitor.swift */; };
		5D221D592A5D416A0072AA35 /* View+Utilities.swift in Sources */ = {isa = PBXBuildFile; fileRef = 5D221D582A5D416A0072AA35 /* View+Utilities.swift */; };
		5D221D5C2A5DA1170072AA35 /* LocalizedError.swift in Sources */ = {isa = PBXBuildFile; fileRef = 5D221D5B2A5DA1170072AA35 /* LocalizedError.swift */; };
		5D221D5E2A5EDB720072AA35 /* File.swift in Sources */ = {isa = PBXBuildFile; fileRef = 5D0B9CA62A4466BD0099021C /* File.swift */; };
		5D2499742A4D7CFD003D66F3 /* FIleManagerRootPath.swift in Sources */ = {isa = PBXBuildFile; fileRef = 5D2499732A4D7CFD003D66F3 /* FIleManagerRootPath.swift */; };
		5D2499762A4D7DA8003D66F3 /* FIleManagerRootPath.swift in Sources */ = {isa = PBXBuildFile; fileRef = 5D2499732A4D7CFD003D66F3 /* FIleManagerRootPath.swift */; };
		5D30A12E2A9CCD5D0052AA95 /* FileInfoView.swift in Sources */ = {isa = PBXBuildFile; fileRef = 5D30A12D2A9CCD5D0052AA95 /* FileInfoView.swift */; };
		5D30A1312A9CCD750052AA95 /* FileInfoViewModel.swift in Sources */ = {isa = PBXBuildFile; fileRef = 5D30A1302A9CCD750052AA95 /* FileInfoViewModel.swift */; };
		5D32C0152A54687900578958 /* FileManager.swift in Sources */ = {isa = PBXBuildFile; fileRef = 5DD776152A544B5600F9B55D /* FileManager.swift */; };
		5D616B672A4AE58300E1360A /* FileManagerTests.swift in Sources */ = {isa = PBXBuildFile; fileRef = 5D616B662A4AE58300E1360A /* FileManagerTests.swift */; };
		5D616B6F2A4AE5B000E1360A /* LocalFileManagerTests.swift in Sources */ = {isa = PBXBuildFile; fileRef = 5D616B6E2A4AE5B000E1360A /* LocalFileManagerTests.swift */; };
		5D616B702A4AE64800E1360A /* LocalFileManager.swift in Sources */ = {isa = PBXBuildFile; fileRef = 5D0B9CA82A446D080099021C /* LocalFileManager.swift */; };
		5D627D8B2A79875100170451 /* FolderMonitor.swift in Sources */ = {isa = PBXBuildFile; fileRef = 5D627D8A2A79875000170451 /* FolderMonitor.swift */; };
		5D627D8E2A7C31CE00170451 /* DropboxLoginManager.swift in Sources */ = {isa = PBXBuildFile; fileRef = 5D627D8D2A7C31CE00170451 /* DropboxLoginManager.swift */; };
		5D627D912A7E73CA00170451 /* FileManagerFactory.swift in Sources */ = {isa = PBXBuildFile; fileRef = 5D627D902A7E73CA00170451 /* FileManagerFactory.swift */; };
		5D627D942A7F871C00170451 /* FileManagerCommutator.swift in Sources */ = {isa = PBXBuildFile; fileRef = 5D627D932A7F871C00170451 /* FileManagerCommutator.swift */; };
		5D69E0062A9349C20036AE44 /* WebView.swift in Sources */ = {isa = PBXBuildFile; fileRef = 5D69E0052A9349C20036AE44 /* WebView.swift */; };
		5D69E0092A934A050036AE44 /* FileContentView.swift in Sources */ = {isa = PBXBuildFile; fileRef = 5D69E0082A934A050036AE44 /* FileContentView.swift */; };
		5D69E00D2A9392B20036AE44 /* FIle+Utilities.swift in Sources */ = {isa = PBXBuildFile; fileRef = 5D69E00C2A9392B20036AE44 /* FIle+Utilities.swift */; };
		5D78B1B12A4ECDAA00A76D0F /* Result+Utilities.swift in Sources */ = {isa = PBXBuildFile; fileRef = 5D78B1B02A4ECDAA00A76D0F /* Result+Utilities.swift */; };
		5D78B1B32A4ECDD000A76D0F /* Result+Utilities.swift in Sources */ = {isa = PBXBuildFile; fileRef = 5D78B1B02A4ECDAA00A76D0F /* Result+Utilities.swift */; };
		5D78B1B52A4ECEDC00A76D0F /* ConflictResolver.swift in Sources */ = {isa = PBXBuildFile; fileRef = 5D78B1B42A4ECEDC00A76D0F /* ConflictResolver.swift */; };
		5D78B1B62A4ECEDF00A76D0F /* ConflictResolver.swift in Sources */ = {isa = PBXBuildFile; fileRef = 5D78B1B42A4ECEDC00A76D0F /* ConflictResolver.swift */; };
		5D793A5A2AB2162C00A73D5C /* RootViewModel.swift in Sources */ = {isa = PBXBuildFile; fileRef = 5D793A592AB2162C00A73D5C /* RootViewModel.swift */; };
		5D793A5D2AB87B8300A73D5C /* FolderGridView.swift in Sources */ = {isa = PBXBuildFile; fileRef = 5D793A5C2AB87B8300A73D5C /* FolderGridView.swift */; };
		5D954CAC2A56D45A00A221DB /* FolderViewModel.swift in Sources */ = {isa = PBXBuildFile; fileRef = 5D954CAB2A56D45A00A221DB /* FolderViewModel.swift */; };
		5D954CB82A58062300A221DB /* FileOptionsButtonView.swift in Sources */ = {isa = PBXBuildFile; fileRef = 5D954CB72A58062300A221DB /* FileOptionsButtonView.swift */; };
		5D954CC82A58559800A221DB /* LocalFolderMonitor.swift in Sources */ = {isa = PBXBuildFile; fileRef = 5D954CC72A58559800A221DB /* LocalFolderMonitor.swift */; };
		5D954CCC2A59753E00A221DB /* PreviewFiles.swift in Sources */ = {isa = PBXBuildFile; fileRef = 5D954CCB2A59753D00A221DB /* PreviewFiles.swift */; };
		5D954CD22A597B5B00A221DB /* Localizable.strings in Resources */ = {isa = PBXBuildFile; fileRef = 5DA435042A459C22003B8E3A /* Localizable.strings */; };
		5D954CD52A597FF800A221DB /* File+UI.swift in Sources */ = {isa = PBXBuildFile; fileRef = 5D954CD42A597FF800A221DB /* File+UI.swift */; };
		5DA434F62A4587DC003B8E3A /* RswiftLibrary in Frameworks */ = {isa = PBXBuildFile; productRef = 5DA434F52A4587DC003B8E3A /* RswiftLibrary */; };
		5DA435022A459C22003B8E3A /* Localizable.strings in Resources */ = {isa = PBXBuildFile; fileRef = 5DA435042A459C22003B8E3A /* Localizable.strings */; };
		5DACCB4C2A445689000A0CA9 /* FileManagerApp.swift in Sources */ = {isa = PBXBuildFile; fileRef = 5DACCB4B2A445689000A0CA9 /* FileManagerApp.swift */; };
		5DACCB4E2A445689000A0CA9 /* RootView.swift in Sources */ = {isa = PBXBuildFile; fileRef = 5DACCB4D2A445689000A0CA9 /* RootView.swift */; };
		5DACCB502A44568B000A0CA9 /* Assets.xcassets in Resources */ = {isa = PBXBuildFile; fileRef = 5DACCB4F2A44568B000A0CA9 /* Assets.xcassets */; };
		5DACCB532A44568B000A0CA9 /* Preview Assets.xcassets in Resources */ = {isa = PBXBuildFile; fileRef = 5DACCB522A44568B000A0CA9 /* Preview Assets.xcassets */; };
		5DD776162A544B5600F9B55D /* FileManager.swift in Sources */ = {isa = PBXBuildFile; fileRef = 5DD776152A544B5600F9B55D /* FileManager.swift */; };
		5DEDB9062A5ACAC2003CC86B /* FileAction.swift in Sources */ = {isa = PBXBuildFile; fileRef = 5DEDB9052A5ACAC2003CC86B /* FileAction.swift */; };
		5DEDB90E2A5AEDD2003CC86B /* EnvironmenttUtils.swift in Sources */ = {isa = PBXBuildFile; fileRef = 5DEDB90D2A5AEDD2003CC86B /* EnvironmenttUtils.swift */; };
		5DF5DBA42A9610B500F91A46 /* FileContentViewModel.swift in Sources */ = {isa = PBXBuildFile; fileRef = 5DF5DBA32A9610B500F91A46 /* FileContentViewModel.swift */; };
		5DF870D32A77ADAA00F9E5D5 /* DropboxFIleManager.swift in Sources */ = {isa = PBXBuildFile; fileRef = 5DF870D22A77ADAA00F9E5D5 /* DropboxFIleManager.swift */; };
		5DF9C96B2AB9A365007AF29C /* FolderGridViewModel.swift in Sources */ = {isa = PBXBuildFile; fileRef = 5DF9C96A2AB9A365007AF29C /* FolderGridViewModel.swift */; };
/* End PBXBuildFile section */

/* Begin PBXContainerItemProxy section */
		5D616B682A4AE58300E1360A /* PBXContainerItemProxy */ = {
			isa = PBXContainerItemProxy;
			containerPortal = 5DACCB402A445689000A0CA9 /* Project object */;
			proxyType = 1;
			remoteGlobalIDString = 5DACCB472A445689000A0CA9;
			remoteInfo = FileManager;
		};
/* End PBXContainerItemProxy section */

/* Begin PBXFileReference section */
		5D04653C2A71071900BE768E /* FileActionType.swift */ = {isa = PBXFileReference; lastKnownFileType = sourcecode.swift; path = FileActionType.swift; sourceTree = "<group>"; };
		5D0ACE482AA72BE900B834E8 /* FolderShowOptionsView.swift */ = {isa = PBXFileReference; lastKnownFileType = sourcecode.swift; path = FolderShowOptionsView.swift; sourceTree = "<group>"; };
		5D0B9CA22A4464530099021C /* FolderView.swift */ = {isa = PBXFileReference; lastKnownFileType = sourcecode.swift; path = FolderView.swift; sourceTree = "<group>"; };
		5D0B9CA42A4466460099021C /* FileView.swift */ = {isa = PBXFileReference; lastKnownFileType = sourcecode.swift; path = FileView.swift; sourceTree = "<group>"; };
		5D0B9CA62A4466BD0099021C /* File.swift */ = {isa = PBXFileReference; lastKnownFileType = sourcecode.swift; path = File.swift; sourceTree = "<group>"; };
		5D0B9CA82A446D080099021C /* LocalFileManager.swift */ = {isa = PBXFileReference; lastKnownFileType = sourcecode.swift; path = LocalFileManager.swift; sourceTree = "<group>"; };
		5D1B5B0C2A8A2234004C7AA8 /* DropboxFolderMonitor.swift */ = {isa = PBXFileReference; lastKnownFileType = sourcecode.swift; path = DropboxFolderMonitor.swift; sourceTree = "<group>"; };
		5D1B5B122A8E7B56004C7AA8 /* LocalTemporaryFolderConnector.swift */ = {isa = PBXFileReference; lastKnownFileType = sourcecode.swift; path = LocalTemporaryFolderConnector.swift; sourceTree = "<group>"; };
		5D1B5B1D2A910598004C7AA8 /* FileDisplayedName.swift */ = {isa = PBXFileReference; lastKnownFileType = sourcecode.swift; path = FileDisplayedName.swift; sourceTree = "<group>"; };
		5D221D582A5D416A0072AA35 /* View+Utilities.swift */ = {isa = PBXFileReference; lastKnownFileType = sourcecode.swift; path = "View+Utilities.swift"; sourceTree = "<group>"; };
		5D221D5B2A5DA1170072AA35 /* LocalizedError.swift */ = {isa = PBXFileReference; lastKnownFileType = sourcecode.swift; path = LocalizedError.swift; sourceTree = "<group>"; };
		5D2499732A4D7CFD003D66F3 /* FIleManagerRootPath.swift */ = {isa = PBXFileReference; lastKnownFileType = sourcecode.swift; path = FIleManagerRootPath.swift; sourceTree = "<group>"; };
		5D30A12D2A9CCD5D0052AA95 /* FileInfoView.swift */ = {isa = PBXFileReference; lastKnownFileType = sourcecode.swift; path = FileInfoView.swift; sourceTree = "<group>"; };
		5D30A1302A9CCD750052AA95 /* FileInfoViewModel.swift */ = {isa = PBXFileReference; lastKnownFileType = sourcecode.swift; path = FileInfoViewModel.swift; sourceTree = "<group>"; };
		5D616B642A4AE58300E1360A /* FileManagerTests.xctest */ = {isa = PBXFileReference; explicitFileType = wrapper.cfbundle; includeInIndex = 0; path = FileManagerTests.xctest; sourceTree = BUILT_PRODUCTS_DIR; };
		5D616B662A4AE58300E1360A /* FileManagerTests.swift */ = {isa = PBXFileReference; lastKnownFileType = sourcecode.swift; path = FileManagerTests.swift; sourceTree = "<group>"; };
		5D616B6E2A4AE5B000E1360A /* LocalFileManagerTests.swift */ = {isa = PBXFileReference; lastKnownFileType = sourcecode.swift; path = LocalFileManagerTests.swift; sourceTree = "<group>"; };
		5D627D8A2A79875000170451 /* FolderMonitor.swift */ = {isa = PBXFileReference; lastKnownFileType = sourcecode.swift; name = FolderMonitor.swift; path = FileManager/FolderMonitor.swift; sourceTree = "<group>"; };
		5D627D8D2A7C31CE00170451 /* DropboxLoginManager.swift */ = {isa = PBXFileReference; lastKnownFileType = sourcecode.swift; path = DropboxLoginManager.swift; sourceTree = "<group>"; };
		5D627D902A7E73CA00170451 /* FileManagerFactory.swift */ = {isa = PBXFileReference; lastKnownFileType = sourcecode.swift; path = FileManagerFactory.swift; sourceTree = "<group>"; };
		5D627D932A7F871C00170451 /* FileManagerCommutator.swift */ = {isa = PBXFileReference; lastKnownFileType = sourcecode.swift; path = FileManagerCommutator.swift; sourceTree = "<group>"; };
		5D69E0052A9349C20036AE44 /* WebView.swift */ = {isa = PBXFileReference; lastKnownFileType = sourcecode.swift; path = WebView.swift; sourceTree = "<group>"; };
		5D69E0082A934A050036AE44 /* FileContentView.swift */ = {isa = PBXFileReference; lastKnownFileType = sourcecode.swift; path = FileContentView.swift; sourceTree = "<group>"; };
		5D69E00C2A9392B20036AE44 /* FIle+Utilities.swift */ = {isa = PBXFileReference; lastKnownFileType = sourcecode.swift; path = "FIle+Utilities.swift"; sourceTree = "<group>"; };
		5D78B1B02A4ECDAA00A76D0F /* Result+Utilities.swift */ = {isa = PBXFileReference; lastKnownFileType = sourcecode.swift; path = "Result+Utilities.swift"; sourceTree = "<group>"; };
		5D78B1B42A4ECEDC00A76D0F /* ConflictResolver.swift */ = {isa = PBXFileReference; lastKnownFileType = sourcecode.swift; path = ConflictResolver.swift; sourceTree = "<group>"; };
		5D793A592AB2162C00A73D5C /* RootViewModel.swift */ = {isa = PBXFileReference; lastKnownFileType = sourcecode.swift; path = RootViewModel.swift; sourceTree = "<group>"; };
		5D793A5C2AB87B8300A73D5C /* FolderGridView.swift */ = {isa = PBXFileReference; lastKnownFileType = sourcecode.swift; path = FolderGridView.swift; sourceTree = "<group>"; };
		5D954CAB2A56D45A00A221DB /* FolderViewModel.swift */ = {isa = PBXFileReference; lastKnownFileType = sourcecode.swift; path = FolderViewModel.swift; sourceTree = "<group>"; };
		5D954CB72A58062300A221DB /* FileOptionsButtonView.swift */ = {isa = PBXFileReference; lastKnownFileType = sourcecode.swift; path = FileOptionsButtonView.swift; sourceTree = "<group>"; };
		5D954CC72A58559800A221DB /* LocalFolderMonitor.swift */ = {isa = PBXFileReference; lastKnownFileType = sourcecode.swift; path = LocalFolderMonitor.swift; sourceTree = "<group>"; };
		5D954CCB2A59753D00A221DB /* PreviewFiles.swift */ = {isa = PBXFileReference; lastKnownFileType = sourcecode.swift; path = PreviewFiles.swift; sourceTree = "<group>"; };
		5D954CD42A597FF800A221DB /* File+UI.swift */ = {isa = PBXFileReference; lastKnownFileType = sourcecode.swift; path = "File+UI.swift"; sourceTree = "<group>"; };
		5DA435032A459C22003B8E3A /* en */ = {isa = PBXFileReference; lastKnownFileType = text.plist.strings; name = en; path = en.lproj/Localizable.strings; sourceTree = "<group>"; };
		5DA435052A459CC0003B8E3A /* uk */ = {isa = PBXFileReference; lastKnownFileType = text.plist.strings; name = uk; path = uk.lproj/Localizable.strings; sourceTree = "<group>"; };
		5DACCB482A445689000A0CA9 /* FileManager.app */ = {isa = PBXFileReference; explicitFileType = wrapper.application; includeInIndex = 0; path = FileManager.app; sourceTree = BUILT_PRODUCTS_DIR; };
		5DACCB4B2A445689000A0CA9 /* FileManagerApp.swift */ = {isa = PBXFileReference; lastKnownFileType = sourcecode.swift; path = FileManagerApp.swift; sourceTree = "<group>"; };
		5DACCB4D2A445689000A0CA9 /* RootView.swift */ = {isa = PBXFileReference; lastKnownFileType = sourcecode.swift; path = RootView.swift; sourceTree = "<group>"; };
		5DACCB4F2A44568B000A0CA9 /* Assets.xcassets */ = {isa = PBXFileReference; lastKnownFileType = folder.assetcatalog; path = Assets.xcassets; sourceTree = "<group>"; };
		5DACCB522A44568B000A0CA9 /* Preview Assets.xcassets */ = {isa = PBXFileReference; lastKnownFileType = folder.assetcatalog; path = "Preview Assets.xcassets"; sourceTree = "<group>"; };
		5DD776152A544B5600F9B55D /* FileManager.swift */ = {isa = PBXFileReference; lastKnownFileType = sourcecode.swift; path = FileManager.swift; sourceTree = "<group>"; };
		5DEDB9052A5ACAC2003CC86B /* FileAction.swift */ = {isa = PBXFileReference; lastKnownFileType = sourcecode.swift; path = FileAction.swift; sourceTree = "<group>"; };
		5DEDB90D2A5AEDD2003CC86B /* EnvironmenttUtils.swift */ = {isa = PBXFileReference; lastKnownFileType = sourcecode.swift; path = EnvironmenttUtils.swift; sourceTree = "<group>"; };
		5DF5DBA32A9610B500F91A46 /* FileContentViewModel.swift */ = {isa = PBXFileReference; lastKnownFileType = sourcecode.swift; path = FileContentViewModel.swift; sourceTree = "<group>"; };
		5DF870CF2A76E06900F9E5D5 /* Info.plist */ = {isa = PBXFileReference; lastKnownFileType = text.plist; path = Info.plist; sourceTree = "<group>"; };
		5DF870D22A77ADAA00F9E5D5 /* DropboxFIleManager.swift */ = {isa = PBXFileReference; lastKnownFileType = sourcecode.swift; path = DropboxFIleManager.swift; sourceTree = "<group>"; };
		5DF9C96A2AB9A365007AF29C /* FolderGridViewModel.swift */ = {isa = PBXFileReference; lastKnownFileType = sourcecode.swift; path = FolderGridViewModel.swift; sourceTree = "<group>"; };
/* End PBXFileReference section */

/* Begin PBXFrameworksBuildPhase section */
		5D616B612A4AE58300E1360A /* Frameworks */ = {
			isa = PBXFrameworksBuildPhase;
			buildActionMask = 2147483647;
			files = (
			);
			runOnlyForDeploymentPostprocessing = 0;
		};
		5DACCB452A445689000A0CA9 /* Frameworks */ = {
			isa = PBXFrameworksBuildPhase;
			buildActionMask = 2147483647;
			files = (
				5DA434F62A4587DC003B8E3A /* RswiftLibrary in Frameworks */,
				5D0AFC152A7685AF000AA28F /* SwiftyDropbox in Frameworks */,
			);
			runOnlyForDeploymentPostprocessing = 0;
		};
/* End PBXFrameworksBuildPhase section */

/* Begin PBXGroup section */
		5D0ACE4B2AA72BFD00B834E8 /* FolderShow */ = {
			isa = PBXGroup;
			children = (
				5D0ACE482AA72BE900B834E8 /* FolderShowOptionsView.swift */,
			);
			path = FolderShow;
			sourceTree = "<group>";
		};
		5D30A12C2A9CCD2F0052AA95 /* FileInfo */ = {
			isa = PBXGroup;
			children = (
				5D30A12D2A9CCD5D0052AA95 /* FileInfoView.swift */,
				5D30A1302A9CCD750052AA95 /* FileInfoViewModel.swift */,
			);
			path = FileInfo;
			sourceTree = "<group>";
		};
		5D616B652A4AE58300E1360A /* FileManagerTests */ = {
			isa = PBXGroup;
			children = (
				5D616B662A4AE58300E1360A /* FileManagerTests.swift */,
				5D616B6E2A4AE5B000E1360A /* LocalFileManagerTests.swift */,
			);
			path = FileManagerTests;
			sourceTree = "<group>";
		};
		5D69E0042A93497B0036AE44 /* Web */ = {
			isa = PBXGroup;
			children = (
				5D69E0052A9349C20036AE44 /* WebView.swift */,
				5D69E0082A934A050036AE44 /* FileContentView.swift */,
				5DF5DBA32A9610B500F91A46 /* FileContentViewModel.swift */,
			);
			path = Web;
			sourceTree = "<group>";
		};
		5D954CC42A58548300A221DB /* UI */ = {
			isa = PBXGroup;
			children = (
				5D0B9CA42A4466460099021C /* FileView.swift */,
				5D954CD42A597FF800A221DB /* File+UI.swift */,
				5D221D582A5D416A0072AA35 /* View+Utilities.swift */,
				5D1B5B1D2A910598004C7AA8 /* FileDisplayedName.swift */,
			);
			path = UI;
			sourceTree = "<group>";
		};
		5D954CC52A5854AC00A221DB /* FileManager */ = {
			isa = PBXGroup;
			children = (
				5DD776152A544B5600F9B55D /* FileManager.swift */,
				5D627D902A7E73CA00170451 /* FileManagerFactory.swift */,
				5D627D932A7F871C00170451 /* FileManagerCommutator.swift */,
				5D0B9CA82A446D080099021C /* LocalFileManager.swift */,
				5DF870D22A77ADAA00F9E5D5 /* DropboxFIleManager.swift */,
				5D2499732A4D7CFD003D66F3 /* FIleManagerRootPath.swift */,
				5D78B1B42A4ECEDC00A76D0F /* ConflictResolver.swift */,
				5D221D5B2A5DA1170072AA35 /* LocalizedError.swift */,
				5D1B5B122A8E7B56004C7AA8 /* LocalTemporaryFolderConnector.swift */,
			);
			path = FileManager;
			sourceTree = "<group>";
		};
		5D954CC62A5854C800A221DB /* Resources */ = {
			isa = PBXGroup;
			children = (
				5DACCB4F2A44568B000A0CA9 /* Assets.xcassets */,
				5DA435042A459C22003B8E3A /* Localizable.strings */,
			);
			path = Resources;
			sourceTree = "<group>";
		};
		5D954CD92A5AC78B00A221DB /* Modules */ = {
			isa = PBXGroup;
			children = (
				5DF9C9692AB9A33C007AF29C /* FolderGrid */,
				5D69E0042A93497B0036AE44 /* Web */,
				5D954CDB2A5AC7AA00A221DB /* Root */,
				5D954CDC2A5AC7B400A221DB /* Folder */,
				5D954CDD2A5AC7BC00A221DB /* ContextMenu */,
				5D30A12C2A9CCD2F0052AA95 /* FileInfo */,
				5D0ACE4B2AA72BFD00B834E8 /* FolderShow */,
				5D04653C2A71071900BE768E /* FileActionType.swift */,
			);
			path = Modules;
			sourceTree = "<group>";
		};
		5D954CDB2A5AC7AA00A221DB /* Root */ = {
			isa = PBXGroup;
			children = (
				5DACCB4D2A445689000A0CA9 /* RootView.swift */,
				5D793A592AB2162C00A73D5C /* RootViewModel.swift */,
			);
			path = Root;
			sourceTree = "<group>";
		};
		5D954CDC2A5AC7B400A221DB /* Folder */ = {
			isa = PBXGroup;
			children = (
				5D0B9CA22A4464530099021C /* FolderView.swift */,
				5D954CAB2A56D45A00A221DB /* FolderViewModel.swift */,
			);
			path = Folder;
			sourceTree = "<group>";
		};
		5D954CDD2A5AC7BC00A221DB /* ContextMenu */ = {
			isa = PBXGroup;
			children = (
				5D954CB72A58062300A221DB /* FileOptionsButtonView.swift */,
			);
			path = ContextMenu;
			sourceTree = "<group>";
		};
		5DACCB3F2A445689000A0CA9 = {
			isa = PBXGroup;
			children = (
				5DACCB4A2A445689000A0CA9 /* FileManager */,
				5DACCB512A44568B000A0CA9 /* Preview Content */,
				5D616B652A4AE58300E1360A /* FileManagerTests */,
				5DACCB492A445689000A0CA9 /* Products */,
			);
			sourceTree = "<group>";
		};
		5DACCB492A445689000A0CA9 /* Products */ = {
			isa = PBXGroup;
			children = (
				5DACCB482A445689000A0CA9 /* FileManager.app */,
				5D616B642A4AE58300E1360A /* FileManagerTests.xctest */,
			);
			name = Products;
			sourceTree = "<group>";
		};
		5DACCB4A2A445689000A0CA9 /* FileManager */ = {
			isa = PBXGroup;
			children = (
				5DF870CF2A76E06900F9E5D5 /* Info.plist */,
				5DACCB4B2A445689000A0CA9 /* FileManagerApp.swift */,
				5D954CD92A5AC78B00A221DB /* Modules */,
				5DEDB9092A5ACC69003CC86B /* BusinessLogic */,
				5D954CC42A58548300A221DB /* UI */,
				5D954CC62A5854C800A221DB /* Resources */,
			);
			path = FileManager;
			sourceTree = "<group>";
		};
		5DACCB512A44568B000A0CA9 /* Preview Content */ = {
			isa = PBXGroup;
			children = (
				5D954CCB2A59753D00A221DB /* PreviewFiles.swift */,
				5DACCB522A44568B000A0CA9 /* Preview Assets.xcassets */,
				5DEDB90D2A5AEDD2003CC86B /* EnvironmenttUtils.swift */,
			);
			path = "Preview Content";
			sourceTree = "<group>";
		};
		5DEDB9032A5AC9D5003CC86B /* Services */ = {
			isa = PBXGroup;
			children = (
				5D627D8A2A79875000170451 /* FolderMonitor.swift */,
				5D954CC72A58559800A221DB /* LocalFolderMonitor.swift */,
				5D1B5B0C2A8A2234004C7AA8 /* DropboxFolderMonitor.swift */,
				5D954CC52A5854AC00A221DB /* FileManager */,
				5D627D8D2A7C31CE00170451 /* DropboxLoginManager.swift */,
			);
			path = Services;
			sourceTree = "<group>";
		};
		5DEDB9042A5ACA80003CC86B /* Models */ = {
			isa = PBXGroup;
			children = (
				5D0B9CA62A4466BD0099021C /* File.swift */,
				5DEDB9052A5ACAC2003CC86B /* FileAction.swift */,
			);
			path = Models;
			sourceTree = "<group>";
		};
		5DEDB9082A5ACBF0003CC86B /* Utilities */ = {
			isa = PBXGroup;
			children = (
				5D78B1B02A4ECDAA00A76D0F /* Result+Utilities.swift */,
				5D69E00C2A9392B20036AE44 /* FIle+Utilities.swift */,
			);
			path = Utilities;
			sourceTree = "<group>";
		};
		5DEDB9092A5ACC69003CC86B /* BusinessLogic */ = {
			isa = PBXGroup;
			children = (
				5DEDB9082A5ACBF0003CC86B /* Utilities */,
				5DEDB9042A5ACA80003CC86B /* Models */,
				5DEDB9032A5AC9D5003CC86B /* Services */,
			);
			path = BusinessLogic;
			sourceTree = "<group>";
		};
		5DF9C9692AB9A33C007AF29C /* FolderGrid */ = {
			isa = PBXGroup;
			children = (
				5D793A5C2AB87B8300A73D5C /* FolderGridView.swift */,
				5DF9C96A2AB9A365007AF29C /* FolderGridViewModel.swift */,
			);
			path = FolderGrid;
			sourceTree = "<group>";
		};
/* End PBXGroup section */

/* Begin PBXNativeTarget section */
		5D616B632A4AE58300E1360A /* FileManagerTests */ = {
			isa = PBXNativeTarget;
			buildConfigurationList = 5D616B6C2A4AE58300E1360A /* Build configuration list for PBXNativeTarget "FileManagerTests" */;
			buildPhases = (
				5D616B602A4AE58300E1360A /* Sources */,
				5D616B612A4AE58300E1360A /* Frameworks */,
				5D616B622A4AE58300E1360A /* Resources */,
			);
			buildRules = (
			);
			dependencies = (
				5D616B692A4AE58300E1360A /* PBXTargetDependency */,
			);
			name = FileManagerTests;
			productName = FileManagerTests;
			productReference = 5D616B642A4AE58300E1360A /* FileManagerTests.xctest */;
			productType = "com.apple.product-type.bundle.unit-test";
		};
		5DACCB472A445689000A0CA9 /* FileManager */ = {
			isa = PBXNativeTarget;
			buildConfigurationList = 5DACCB562A44568B000A0CA9 /* Build configuration list for PBXNativeTarget "FileManager" */;
			buildPhases = (
				5DACCB442A445689000A0CA9 /* Sources */,
				5DACCB452A445689000A0CA9 /* Frameworks */,
				5DACCB462A445689000A0CA9 /* Resources */,
			);
			buildRules = (
			);
			dependencies = (
				5DA434F82A458818003B8E3A /* PBXTargetDependency */,
			);
			name = FileManager;
			packageProductDependencies = (
				5DA434F52A4587DC003B8E3A /* RswiftLibrary */,
				5D0AFC142A7685AF000AA28F /* SwiftyDropbox */,
			);
			productName = FileManager;
			productReference = 5DACCB482A445689000A0CA9 /* FileManager.app */;
			productType = "com.apple.product-type.application";
		};
/* End PBXNativeTarget section */

/* Begin PBXProject section */
		5DACCB402A445689000A0CA9 /* Project object */ = {
			isa = PBXProject;
			attributes = {
				BuildIndependentTargetsInParallel = 1;
				LastSwiftUpdateCheck = 1420;
				LastUpgradeCheck = 1420;
				TargetAttributes = {
					5D616B632A4AE58300E1360A = {
						CreatedOnToolsVersion = 14.2;
						TestTargetID = 5DACCB472A445689000A0CA9;
					};
					5DACCB472A445689000A0CA9 = {
						CreatedOnToolsVersion = 14.2;
					};
				};
			};
			buildConfigurationList = 5DACCB432A445689000A0CA9 /* Build configuration list for PBXProject "FileManager" */;
			compatibilityVersion = "Xcode 14.0";
			developmentRegion = en;
			hasScannedForEncodings = 0;
			knownRegions = (
				en,
				Base,
				uk,
			);
			mainGroup = 5DACCB3F2A445689000A0CA9;
			packageReferences = (
				5DA434EF2A45878D003B8E3A /* XCRemoteSwiftPackageReference "R" */,
				5D0AFC132A7685AF000AA28F /* XCRemoteSwiftPackageReference "SwiftyDropbox" */,
			);
			productRefGroup = 5DACCB492A445689000A0CA9 /* Products */;
			projectDirPath = "";
			projectRoot = "";
			targets = (
				5DACCB472A445689000A0CA9 /* FileManager */,
				5D616B632A4AE58300E1360A /* FileManagerTests */,
			);
		};
/* End PBXProject section */

/* Begin PBXResourcesBuildPhase section */
		5D616B622A4AE58300E1360A /* Resources */ = {
			isa = PBXResourcesBuildPhase;
			buildActionMask = 2147483647;
			files = (
				5D954CD22A597B5B00A221DB /* Localizable.strings in Resources */,
			);
			runOnlyForDeploymentPostprocessing = 0;
		};
		5DACCB462A445689000A0CA9 /* Resources */ = {
			isa = PBXResourcesBuildPhase;
			buildActionMask = 2147483647;
			files = (
				5DACCB532A44568B000A0CA9 /* Preview Assets.xcassets in Resources */,
				5DACCB502A44568B000A0CA9 /* Assets.xcassets in Resources */,
				5DA435022A459C22003B8E3A /* Localizable.strings in Resources */,
			);
			runOnlyForDeploymentPostprocessing = 0;
		};
/* End PBXResourcesBuildPhase section */

/* Begin PBXSourcesBuildPhase section */
		5D616B602A4AE58300E1360A /* Sources */ = {
			isa = PBXSourcesBuildPhase;
			buildActionMask = 2147483647;
			files = (
				5D1B5B212A91F8ED004C7AA8 /* LocalizedError.swift in Sources */,
				5D616B672A4AE58300E1360A /* FileManagerTests.swift in Sources */,
				5D78B1B62A4ECEDF00A76D0F /* ConflictResolver.swift in Sources */,
				5D1B5B232A920016004C7AA8 /* LocalFolderMonitor.swift in Sources */,
				5D78B1B32A4ECDD000A76D0F /* Result+Utilities.swift in Sources */,
				5D616B702A4AE64800E1360A /* LocalFileManager.swift in Sources */,
				5D2499762A4D7DA8003D66F3 /* FIleManagerRootPath.swift in Sources */,
				5D221D5E2A5EDB720072AA35 /* File.swift in Sources */,
				5D1B5B172A90E106004C7AA8 /* FolderMonitor.swift in Sources */,
				5D616B6F2A4AE5B000E1360A /* LocalFileManagerTests.swift in Sources */,
				5D1B5B152A90E08B004C7AA8 /* FileAction.swift in Sources */,
				5D1B5B192A90E126004C7AA8 /* LocalTemporaryFolderConnector.swift in Sources */,
				5D32C0152A54687900578958 /* FileManager.swift in Sources */,
			);
			runOnlyForDeploymentPostprocessing = 0;
		};
		5DACCB442A445689000A0CA9 /* Sources */ = {
			isa = PBXSourcesBuildPhase;
			buildActionMask = 2147483647;
			files = (
				5D69E0062A9349C20036AE44 /* WebView.swift in Sources */,
				5D627D942A7F871C00170451 /* FileManagerCommutator.swift in Sources */,
				5D954CB82A58062300A221DB /* FileOptionsButtonView.swift in Sources */,
				5D221D592A5D416A0072AA35 /* View+Utilities.swift in Sources */,
				5DEDB9062A5ACAC2003CC86B /* FileAction.swift in Sources */,
				5D954CC82A58559800A221DB /* LocalFolderMonitor.swift in Sources */,
				5D954CCC2A59753E00A221DB /* PreviewFiles.swift in Sources */,
				5D0B9CA72A4466BD0099021C /* File.swift in Sources */,
				5D0ACE492AA72BE900B834E8 /* FolderShowOptionsView.swift in Sources */,
				5D627D8E2A7C31CE00170451 /* DropboxLoginManager.swift in Sources */,
				5D2499742A4D7CFD003D66F3 /* FIleManagerRootPath.swift in Sources */,
				5DF870D32A77ADAA00F9E5D5 /* DropboxFIleManager.swift in Sources */,
				5D954CAC2A56D45A00A221DB /* FolderViewModel.swift in Sources */,
				5D954CD52A597FF800A221DB /* File+UI.swift in Sources */,
				5D0B9CA92A446D080099021C /* LocalFileManager.swift in Sources */,
				5D04653D2A71071900BE768E /* FileActionType.swift in Sources */,
				5D221D5C2A5DA1170072AA35 /* LocalizedError.swift in Sources */,
				5DF9C96B2AB9A365007AF29C /* FolderGridViewModel.swift in Sources */,
				5DD776162A544B5600F9B55D /* FileManager.swift in Sources */,
				5D0B9CA52A4466460099021C /* FileView.swift in Sources */,
				5D69E00D2A9392B20036AE44 /* FIle+Utilities.swift in Sources */,
				5D78B1B52A4ECEDC00A76D0F /* ConflictResolver.swift in Sources */,
				5D1B5B0D2A8A2234004C7AA8 /* DropboxFolderMonitor.swift in Sources */,
				5D627D912A7E73CA00170451 /* FileManagerFactory.swift in Sources */,
				5D30A1312A9CCD750052AA95 /* FileInfoViewModel.swift in Sources */,
				5D69E0092A934A050036AE44 /* FileContentView.swift in Sources */,
				5D1B5B132A8E7B56004C7AA8 /* LocalTemporaryFolderConnector.swift in Sources */,
				5D627D8B2A79875100170451 /* FolderMonitor.swift in Sources */,
				5DF5DBA42A9610B500F91A46 /* FileContentViewModel.swift in Sources */,
				5DACCB4E2A445689000A0CA9 /* RootView.swift in Sources */,
				5DACCB4C2A445689000A0CA9 /* FileManagerApp.swift in Sources */,
				5D30A12E2A9CCD5D0052AA95 /* FileInfoView.swift in Sources */,
				5D78B1B12A4ECDAA00A76D0F /* Result+Utilities.swift in Sources */,
				5D0B9CA32A4464530099021C /* FolderView.swift in Sources */,
				5D1B5B1E2A910598004C7AA8 /* FileDisplayedName.swift in Sources */,
				5D793A5D2AB87B8300A73D5C /* FolderGridView.swift in Sources */,
				5D793A5A2AB2162C00A73D5C /* RootViewModel.swift in Sources */,
				5DEDB90E2A5AEDD2003CC86B /* EnvironmenttUtils.swift in Sources */,
			);
			runOnlyForDeploymentPostprocessing = 0;
		};
/* End PBXSourcesBuildPhase section */

/* Begin PBXTargetDependency section */
		5D616B692A4AE58300E1360A /* PBXTargetDependency */ = {
			isa = PBXTargetDependency;
			target = 5DACCB472A445689000A0CA9 /* FileManager */;
			targetProxy = 5D616B682A4AE58300E1360A /* PBXContainerItemProxy */;
		};
		5DA434F82A458818003B8E3A /* PBXTargetDependency */ = {
			isa = PBXTargetDependency;
			productRef = 5DA434F72A458818003B8E3A /* RswiftGenerateInternalResources */;
		};
/* End PBXTargetDependency section */

/* Begin PBXVariantGroup section */
		5DA435042A459C22003B8E3A /* Localizable.strings */ = {
			isa = PBXVariantGroup;
			children = (
				5DA435032A459C22003B8E3A /* en */,
				5DA435052A459CC0003B8E3A /* uk */,
			);
			name = Localizable.strings;
			sourceTree = "<group>";
		};
/* End PBXVariantGroup section */

/* Begin XCBuildConfiguration section */
		5D616B6A2A4AE58300E1360A /* Debug */ = {
			isa = XCBuildConfiguration;
			buildSettings = {
				BUNDLE_LOADER = "$(TEST_HOST)";
				CODE_SIGN_STYLE = Automatic;
				CURRENT_PROJECT_VERSION = 1;
				GENERATE_INFOPLIST_FILE = YES;
				IPHONEOS_DEPLOYMENT_TARGET = 16.2;
				MACOSX_DEPLOYMENT_TARGET = 12.6;
				MARKETING_VERSION = 1.0;
				PRODUCT_BUNDLE_IDENTIFIER = MyCompany.FileManagerTests;
				PRODUCT_NAME = "$(TARGET_NAME)";
				SDKROOT = auto;
				SUPPORTED_PLATFORMS = "iphoneos iphonesimulator macosx";
				SWIFT_EMIT_LOC_STRINGS = NO;
				SWIFT_VERSION = 5.0;
				TARGETED_DEVICE_FAMILY = "1,2";
				TEST_HOST = "$(BUILT_PRODUCTS_DIR)/FileManager.app/$(BUNDLE_EXECUTABLE_FOLDER_PATH)/FileManager";
			};
			name = Debug;
		};
		5D616B6B2A4AE58300E1360A /* Release */ = {
			isa = XCBuildConfiguration;
			buildSettings = {
				BUNDLE_LOADER = "$(TEST_HOST)";
				CODE_SIGN_STYLE = Automatic;
				CURRENT_PROJECT_VERSION = 1;
				GENERATE_INFOPLIST_FILE = YES;
				IPHONEOS_DEPLOYMENT_TARGET = 16.2;
				MACOSX_DEPLOYMENT_TARGET = 12.6;
				MARKETING_VERSION = 1.0;
				PRODUCT_BUNDLE_IDENTIFIER = MyCompany.FileManagerTests;
				PRODUCT_NAME = "$(TARGET_NAME)";
				SDKROOT = auto;
				SUPPORTED_PLATFORMS = "iphoneos iphonesimulator macosx";
				SWIFT_EMIT_LOC_STRINGS = NO;
				SWIFT_VERSION = 5.0;
				TARGETED_DEVICE_FAMILY = "1,2";
				TEST_HOST = "$(BUILT_PRODUCTS_DIR)/FileManager.app/$(BUNDLE_EXECUTABLE_FOLDER_PATH)/FileManager";
			};
			name = Release;
		};
		5DACCB542A44568B000A0CA9 /* Debug */ = {
			isa = XCBuildConfiguration;
			buildSettings = {
				ALWAYS_SEARCH_USER_PATHS = NO;
				CLANG_ANALYZER_LOCALIZABILITY_NONLOCALIZED = YES;
				CLANG_ANALYZER_NONNULL = YES;
				CLANG_ANALYZER_NUMBER_OBJECT_CONVERSION = YES_AGGRESSIVE;
				CLANG_CXX_LANGUAGE_STANDARD = "gnu++20";
				CLANG_ENABLE_MODULES = YES;
				CLANG_ENABLE_OBJC_ARC = YES;
				CLANG_ENABLE_OBJC_WEAK = YES;
				CLANG_WARN_BLOCK_CAPTURE_AUTORELEASING = YES;
				CLANG_WARN_BOOL_CONVERSION = YES;
				CLANG_WARN_COMMA = YES;
				CLANG_WARN_CONSTANT_CONVERSION = YES;
				CLANG_WARN_DEPRECATED_OBJC_IMPLEMENTATIONS = YES;
				CLANG_WARN_DIRECT_OBJC_ISA_USAGE = YES_ERROR;
				CLANG_WARN_DOCUMENTATION_COMMENTS = YES;
				CLANG_WARN_EMPTY_BODY = YES;
				CLANG_WARN_ENUM_CONVERSION = YES;
				CLANG_WARN_INFINITE_RECURSION = YES;
				CLANG_WARN_INT_CONVERSION = YES;
				CLANG_WARN_NON_LITERAL_NULL_CONVERSION = YES;
				CLANG_WARN_OBJC_IMPLICIT_RETAIN_SELF = YES;
				CLANG_WARN_OBJC_LITERAL_CONVERSION = YES;
				CLANG_WARN_OBJC_ROOT_CLASS = YES_ERROR;
				CLANG_WARN_QUOTED_INCLUDE_IN_FRAMEWORK_HEADER = YES;
				CLANG_WARN_RANGE_LOOP_ANALYSIS = YES;
				CLANG_WARN_STRICT_PROTOTYPES = YES;
				CLANG_WARN_SUSPICIOUS_MOVE = YES;
				CLANG_WARN_UNGUARDED_AVAILABILITY = YES_AGGRESSIVE;
				CLANG_WARN_UNREACHABLE_CODE = YES;
				CLANG_WARN__DUPLICATE_METHOD_MATCH = YES;
				COPY_PHASE_STRIP = NO;
				DEBUG_INFORMATION_FORMAT = dwarf;
				ENABLE_STRICT_OBJC_MSGSEND = YES;
				ENABLE_TESTABILITY = YES;
				GCC_C_LANGUAGE_STANDARD = gnu11;
				GCC_DYNAMIC_NO_PIC = NO;
				GCC_NO_COMMON_BLOCKS = YES;
				GCC_OPTIMIZATION_LEVEL = 0;
				GCC_PREPROCESSOR_DEFINITIONS = (
					"DEBUG=1",
					"$(inherited)",
				);
				GCC_WARN_64_TO_32_BIT_CONVERSION = YES;
				GCC_WARN_ABOUT_RETURN_TYPE = YES_ERROR;
				GCC_WARN_UNDECLARED_SELECTOR = YES;
				GCC_WARN_UNINITIALIZED_AUTOS = YES_AGGRESSIVE;
				GCC_WARN_UNUSED_FUNCTION = YES;
				GCC_WARN_UNUSED_VARIABLE = YES;
				IPHONEOS_DEPLOYMENT_TARGET = 16.2;
				MTL_ENABLE_DEBUG_INFO = INCLUDE_SOURCE;
				MTL_FAST_MATH = YES;
				ONLY_ACTIVE_ARCH = YES;
				SDKROOT = iphoneos;
				SWIFT_ACTIVE_COMPILATION_CONDITIONS = DEBUG;
				SWIFT_OPTIMIZATION_LEVEL = "-Onone";
			};
			name = Debug;
		};
		5DACCB552A44568B000A0CA9 /* Release */ = {
			isa = XCBuildConfiguration;
			buildSettings = {
				ALWAYS_SEARCH_USER_PATHS = NO;
				CLANG_ANALYZER_LOCALIZABILITY_NONLOCALIZED = YES;
				CLANG_ANALYZER_NONNULL = YES;
				CLANG_ANALYZER_NUMBER_OBJECT_CONVERSION = YES_AGGRESSIVE;
				CLANG_CXX_LANGUAGE_STANDARD = "gnu++20";
				CLANG_ENABLE_MODULES = YES;
				CLANG_ENABLE_OBJC_ARC = YES;
				CLANG_ENABLE_OBJC_WEAK = YES;
				CLANG_WARN_BLOCK_CAPTURE_AUTORELEASING = YES;
				CLANG_WARN_BOOL_CONVERSION = YES;
				CLANG_WARN_COMMA = YES;
				CLANG_WARN_CONSTANT_CONVERSION = YES;
				CLANG_WARN_DEPRECATED_OBJC_IMPLEMENTATIONS = YES;
				CLANG_WARN_DIRECT_OBJC_ISA_USAGE = YES_ERROR;
				CLANG_WARN_DOCUMENTATION_COMMENTS = YES;
				CLANG_WARN_EMPTY_BODY = YES;
				CLANG_WARN_ENUM_CONVERSION = YES;
				CLANG_WARN_INFINITE_RECURSION = YES;
				CLANG_WARN_INT_CONVERSION = YES;
				CLANG_WARN_NON_LITERAL_NULL_CONVERSION = YES;
				CLANG_WARN_OBJC_IMPLICIT_RETAIN_SELF = YES;
				CLANG_WARN_OBJC_LITERAL_CONVERSION = YES;
				CLANG_WARN_OBJC_ROOT_CLASS = YES_ERROR;
				CLANG_WARN_QUOTED_INCLUDE_IN_FRAMEWORK_HEADER = YES;
				CLANG_WARN_RANGE_LOOP_ANALYSIS = YES;
				CLANG_WARN_STRICT_PROTOTYPES = YES;
				CLANG_WARN_SUSPICIOUS_MOVE = YES;
				CLANG_WARN_UNGUARDED_AVAILABILITY = YES_AGGRESSIVE;
				CLANG_WARN_UNREACHABLE_CODE = YES;
				CLANG_WARN__DUPLICATE_METHOD_MATCH = YES;
				COPY_PHASE_STRIP = NO;
				DEBUG_INFORMATION_FORMAT = "dwarf-with-dsym";
				ENABLE_NS_ASSERTIONS = NO;
				ENABLE_STRICT_OBJC_MSGSEND = YES;
				GCC_C_LANGUAGE_STANDARD = gnu11;
				GCC_NO_COMMON_BLOCKS = YES;
				GCC_WARN_64_TO_32_BIT_CONVERSION = YES;
				GCC_WARN_ABOUT_RETURN_TYPE = YES_ERROR;
				GCC_WARN_UNDECLARED_SELECTOR = YES;
				GCC_WARN_UNINITIALIZED_AUTOS = YES_AGGRESSIVE;
				GCC_WARN_UNUSED_FUNCTION = YES;
				GCC_WARN_UNUSED_VARIABLE = YES;
				IPHONEOS_DEPLOYMENT_TARGET = 16.2;
				MTL_ENABLE_DEBUG_INFO = NO;
				MTL_FAST_MATH = YES;
				SDKROOT = iphoneos;
				SWIFT_COMPILATION_MODE = wholemodule;
				SWIFT_OPTIMIZATION_LEVEL = "-O";
				VALIDATE_PRODUCT = YES;
			};
			name = Release;
		};
		5DACCB572A44568B000A0CA9 /* Debug */ = {
			isa = XCBuildConfiguration;
			buildSettings = {
				ASSETCATALOG_COMPILER_APPICON_NAME = AppIcon;
				ASSETCATALOG_COMPILER_GLOBAL_ACCENT_COLOR_NAME = AccentColor;
				CODE_SIGN_STYLE = Automatic;
				CURRENT_PROJECT_VERSION = 1;
				DEVELOPMENT_ASSET_PATHS = "\"Preview Content\"";
				ENABLE_PREVIEWS = YES;
				GENERATE_INFOPLIST_FILE = YES;
				INFOPLIST_FILE = FileManager/Info.plist;
				INFOPLIST_KEY_UIApplicationSupportsIndirectInputEvents = YES;
				INFOPLIST_KEY_UILaunchScreen_Generation = YES;
				INFOPLIST_KEY_UISupportedInterfaceOrientations_iPad = "UIInterfaceOrientationPortrait UIInterfaceOrientationPortraitUpsideDown UIInterfaceOrientationLandscapeLeft UIInterfaceOrientationLandscapeRight";
				INFOPLIST_KEY_UISupportedInterfaceOrientations_iPhone = "UIInterfaceOrientationPortrait UIInterfaceOrientationLandscapeLeft UIInterfaceOrientationLandscapeRight";
				LD_RUNPATH_SEARCH_PATHS = (
					"$(inherited)",
					"@executable_path/Frameworks",
				);
				MARKETING_VERSION = 1.0;
				PRODUCT_BUNDLE_IDENTIFIER = MyCompany.FileManager;
				PRODUCT_NAME = "$(TARGET_NAME)";
				SWIFT_EMIT_LOC_STRINGS = YES;
				SWIFT_VERSION = 5.0;
				TARGETED_DEVICE_FAMILY = "1,2";
			};
			name = Debug;
		};
		5DACCB582A44568B000A0CA9 /* Release */ = {
			isa = XCBuildConfiguration;
			buildSettings = {
				ASSETCATALOG_COMPILER_APPICON_NAME = AppIcon;
				ASSETCATALOG_COMPILER_GLOBAL_ACCENT_COLOR_NAME = AccentColor;
				CODE_SIGN_STYLE = Automatic;
				CURRENT_PROJECT_VERSION = 1;
				DEVELOPMENT_ASSET_PATHS = "\"Preview Content\"";
				ENABLE_PREVIEWS = YES;
				GENERATE_INFOPLIST_FILE = YES;
				INFOPLIST_FILE = FileManager/Info.plist;
				INFOPLIST_KEY_UIApplicationSupportsIndirectInputEvents = YES;
				INFOPLIST_KEY_UILaunchScreen_Generation = YES;
				INFOPLIST_KEY_UISupportedInterfaceOrientations_iPad = "UIInterfaceOrientationPortrait UIInterfaceOrientationPortraitUpsideDown UIInterfaceOrientationLandscapeLeft UIInterfaceOrientationLandscapeRight";
				INFOPLIST_KEY_UISupportedInterfaceOrientations_iPhone = "UIInterfaceOrientationPortrait UIInterfaceOrientationLandscapeLeft UIInterfaceOrientationLandscapeRight";
				LD_RUNPATH_SEARCH_PATHS = (
					"$(inherited)",
					"@executable_path/Frameworks",
				);
				MARKETING_VERSION = 1.0;
				PRODUCT_BUNDLE_IDENTIFIER = MyCompany.FileManager;
				PRODUCT_NAME = "$(TARGET_NAME)";
				SWIFT_EMIT_LOC_STRINGS = YES;
				SWIFT_VERSION = 5.0;
				TARGETED_DEVICE_FAMILY = "1,2";
			};
			name = Release;
		};
/* End XCBuildConfiguration section */

/* Begin XCConfigurationList section */
		5D616B6C2A4AE58300E1360A /* Build configuration list for PBXNativeTarget "FileManagerTests" */ = {
			isa = XCConfigurationList;
			buildConfigurations = (
				5D616B6A2A4AE58300E1360A /* Debug */,
				5D616B6B2A4AE58300E1360A /* Release */,
			);
			defaultConfigurationIsVisible = 0;
			defaultConfigurationName = Release;
		};
		5DACCB432A445689000A0CA9 /* Build configuration list for PBXProject "FileManager" */ = {
			isa = XCConfigurationList;
			buildConfigurations = (
				5DACCB542A44568B000A0CA9 /* Debug */,
				5DACCB552A44568B000A0CA9 /* Release */,
			);
			defaultConfigurationIsVisible = 0;
			defaultConfigurationName = Release;
		};
		5DACCB562A44568B000A0CA9 /* Build configuration list for PBXNativeTarget "FileManager" */ = {
			isa = XCConfigurationList;
			buildConfigurations = (
				5DACCB572A44568B000A0CA9 /* Debug */,
				5DACCB582A44568B000A0CA9 /* Release */,
			);
			defaultConfigurationIsVisible = 0;
			defaultConfigurationName = Release;
		};
/* End XCConfigurationList section */

/* Begin XCRemoteSwiftPackageReference section */
		5D0AFC132A7685AF000AA28F /* XCRemoteSwiftPackageReference "SwiftyDropbox" */ = {
			isa = XCRemoteSwiftPackageReference;
			repositoryURL = "https://github.com/dropbox/SwiftyDropbox.git";
			requirement = {
				kind = upToNextMajorVersion;
				minimumVersion = 9.0.0;
			};
		};
		5DA434EF2A45878D003B8E3A /* XCRemoteSwiftPackageReference "R" */ = {
			isa = XCRemoteSwiftPackageReference;
			repositoryURL = "https://github.com/mac-cain13/R.swift";
			requirement = {
				branch = main;
				kind = branch;
			};
		};
/* End XCRemoteSwiftPackageReference section */

/* Begin XCSwiftPackageProductDependency section */
		5D0AFC142A7685AF000AA28F /* SwiftyDropbox */ = {
			isa = XCSwiftPackageProductDependency;
			package = 5D0AFC132A7685AF000AA28F /* XCRemoteSwiftPackageReference "SwiftyDropbox" */;
			productName = SwiftyDropbox;
		};
		5DA434F52A4587DC003B8E3A /* RswiftLibrary */ = {
			isa = XCSwiftPackageProductDependency;
			package = 5DA434EF2A45878D003B8E3A /* XCRemoteSwiftPackageReference "R" */;
			productName = RswiftLibrary;
		};
		5DA434F72A458818003B8E3A /* RswiftGenerateInternalResources */ = {
			isa = XCSwiftPackageProductDependency;
			productName = "plugin:RswiftGenerateInternalResources";
		};
/* End XCSwiftPackageProductDependency section */
	};
	rootObject = 5DACCB402A445689000A0CA9 /* Project object */;
}
